{
  "name": "core-chat",
  "version": "1.0.0",
  "lockfileVersion": 3,
  "requires": true,
  "packages": {
    "": {
      "name": "core-chat",
      "version": "1.0.0",
      "license": "ISC",
      "dependencies": {
        "core-chat": "file:"
      }
    },
    "node_modules/core-chat": {
      "resolved": "",
      "link": true
    }
  }
}
